# This file is automatically @generated by Cargo.
# It is not intended for manual editing.
version = 4

[[package]]
name = "resurreccion-aigents"
version = "0.0.0"

[[package]]
name = "resurreccion-claude"
version = "0.0.0"

[[package]]
name = "resurreccion-cli"
version = "0.0.0"
dependencies = [
 "resurreccion-proto",
]

[[package]]
name = "resurreccion-codex"
version = "0.0.0"

[[package]]
name = "resurreccion-core"
version = "0.0.0"

[[package]]
name = "resurreccion-daemon"
version = "0.0.0"
dependencies = [
 "resurreccion-proto",
 "rt-events",
]

[[package]]
name = "resurreccion-dir"
version = "0.0.0"

[[package]]
name = "resurreccion-emacs"
version = "0.0.0"

[[package]]
name = "resurreccion-mux"
version = "0.0.0"

[[package]]
name = "resurreccion-nvim"
version = "0.0.0"

[[package]]
name = "resurreccion-planner"
version = "0.0.0"

[[package]]
name = "resurreccion-proto"
version = "0.0.0"

[[package]]
name = "resurreccion-remote"
version = "0.0.0"

[[package]]
name = "resurreccion-shell"
version = "0.0.0"

[[package]]
name = "resurreccion-store"
version = "0.0.0"

[[package]]
name = "resurreccion-zellij"
version = "0.0.0"

[[package]]
name = "resurreccion-zellij-plugin"
version = "0.0.0"

[[package]]
name = "rt-events"
version = "0.0.1"
